Microsoft Visual Studio Solution File, Format Version 12.00
# Visual Studio Version 17
VisualStudioVersion = 17.5.2.0
MinimumVisualStudioVersion = 10.0.40219.1
Project("{FAE04EC0-301F-11D3-BF4B-00C04F79EFBC}") = "DropboxCloneAPI", "DropboxCloneAPI.csproj", "{E69965E7-8BEA-8FB4-E0C0-D92333B8BA97}"
EndProject
Global
	GlobalSection(SolutionConfigurationPlatforms) = preSolution
		Debug|Any CPU = Debug|Any CPU
		Release|Any CPU = Release|Any CPU
	EndGlobalSection
	GlobalSection(ProjectConfigurationPlatforms) = postSolution
		{E69965E7-8BEA-8FB4-E0C0-D92333B8BA97}.Debug|Any CPU.ActiveCfg = Debug|Any CPU
		{E69965E7-8BEA-8FB4-E0C0-D92333B8BA97}.Debug|Any CPU.Build.0 = Debug|Any CPU
		{E69965E7-8BEA-8FB4-E0C0-D92333B8BA97}.Release|Any CPU.ActiveCfg = Release|Any CPU
		{E69965E7-8BEA-8FB4-E0C0-D92333B8BA97}.Release|Any CPU.Build.0 = Release|Any CPU
	EndGlobalSection
	GlobalSection(SolutionProperties) = preSolution
		HideSolutionNode = FALSE
	EndGlobalSection
	GlobalSection(ExtensibilityGlobals) = postSolution
		SolutionGuid = {28992E13-D32B-41A1-8C20-1F2CDA489C12}
	EndGlobalSection
EndGlobal
